Microsoft Visual Studio Solution File, Format Version 11.00
# Visual Studio 2008

Project("{ED9D3DC4-5A79-2E2E-7CC4-42578E2716E8}") = "GleneagleDevClub", "Assembly-CSharp.csproj", "{55CF4779-61DE-B1ED-62E8-A2CE271FE18B}"
EndProject
Global
	GlobalSection(SolutionConfigurationPlatforms) = preSolution
		Debug|Any CPU = Debug|Any CPU
		Release|Any CPU = Release|Any CPU
	EndGlobalSection
	GlobalSection(ProjectConfigurationPlatforms) = postSolution
		{55CF4779-61DE-B1ED-62E8-A2CE271FE18B}.Debug|Any CPU.ActiveCfg = Debug|Any CPU
		{55CF4779-61DE-B1ED-62E8-A2CE271FE18B}.Debug|Any CPU.Build.0 = Debug|Any CPU
		{55CF4779-61DE-B1ED-62E8-A2CE271FE18B}.Release|Any CPU.ActiveCfg = Release|Any CPU
		{55CF4779-61DE-B1ED-62E8-A2CE271FE18B}.Release|Any CPU.Build.0 = Release|Any CPU
	EndGlobalSection
	GlobalSection(SolutionProperties) = preSolution
		HideSolutionNode = FALSE
	EndGlobalSection
																						GlobalSection(MonoDevelopProperties) = preSolution
		StartupItem = Assembly-CSharp.csproj
		Policies = $0
		$0.TextStylePolicy = $1
		$1.inheritsSet = null
		$1.scope = text/x-csharp
		$0.CSharpFormattingPolicy = $2
		$2.inheritsSet = Mono
		$2.inheritsScope = text/x-csharp
		$2.scope = text/x-csharp
		$0.TextStylePolicy = $3
		$3.FileWidth = 120
		$3.TabWidth = 4
		$3.EolMarker = Unix
		$3.inheritsSet = Mono
		$3.inheritsScope = text/plain
		$3.scope = text/plain
	EndGlobalSection

EndGlobal
